
Microsoft Visual Studio Solution File, Format Version 12.00
# Visual Studio Version 17
VisualStudioVersion = 17.14.37216.2 d17.14
MinimumVisualStudioVersion = 10.0.40219.1
Project("{FAE04EC0-301F-11D3-BF4B-00C04F79EFBC}") = "hw7", "hw7\hw7.csproj", "{87980C2A-87CA-4D12-A121-8202A266519E}"
EndProject
Global
	GlobalSection(SolutionConfigurationPlatforms) = preSolution
		Debug|Any CPU = Debug|Any CPU
		Release|Any CPU = Release|Any CPU
	EndGlobalSection
	GlobalSection(ProjectConfigurationPlatforms) = postSolution
		{87980C2A-87CA-4D12-A121-8202A266519E}.Debug|Any CPU.ActiveCfg = Debug|Any CPU
		{87980C2A-87CA-4D12-A121-8202A266519E}.Debug|Any CPU.Build.0 = Debug|Any CPU
		{87980C2A-87CA-4D12-A121-8202A266519E}.Release|Any CPU.ActiveCfg = Release|Any CPU
		{87980C2A-87CA-4D12-A121-8202A266519E}.Release|Any CPU.Build.0 = Release|Any CPU
	EndGlobalSection
	GlobalSection(SolutionProperties) = preSolution
		HideSolutionNode = FALSE
	EndGlobalSection
	GlobalSection(ExtensibilityGlobals) = postSolution
		SolutionGuid = {D5B7B65B-246C-4C4F-89C6-07AF74E9AF5E}
	EndGlobalSection
EndGlobal
